
Microsoft Visual Studio Solution File, Format Version 12.00
# Visual Studio Version 16
VisualStudioVersion = 16.0.31727.386
MinimumVisualStudioVersion = 10.0.40219.1
Project("{FAE04EC0-301F-11D3-BF4B-00C04F79EFBC}") = "PortfolioPortal", "PortfolioPortal\PortfolioPortal.csproj", "{0C074C6A-6A6C-490E-ACD6-EE23AB5B1B62}"
EndProject
Global
	GlobalSection(SolutionConfigurationPlatforms) = preSolution
		Debug|Any CPU = Debug|Any CPU
		Release|Any CPU = Release|Any CPU
	EndGlobalSection
	GlobalSection(ProjectConfigurationPlatforms) = postSolution
		{0C074C6A-6A6C-490E-ACD6-EE23AB5B1B62}.Debug|Any CPU.ActiveCfg = Debug|Any CPU
		{0C074C6A-6A6C-490E-ACD6-EE23AB5B1B62}.Debug|Any CPU.Build.0 = Debug|Any CPU
		{0C074C6A-6A6C-490E-ACD6-EE23AB5B1B62}.Release|Any CPU.ActiveCfg = Release|Any CPU
		{0C074C6A-6A6C-490E-ACD6-EE23AB5B1B62}.Release|Any CPU.Build.0 = Release|Any CPU
	EndGlobalSection
	GlobalSection(SolutionProperties) = preSolution
		HideSolutionNode = FALSE
	EndGlobalSection
	GlobalSection(ExtensibilityGlobals) = postSolution
		SolutionGuid = {F87401AD-CEA7-4730-B4FE-07A6E45A2DCD}
	EndGlobalSection
EndGlobal
